
Microsoft Visual Studio Solution File, Format Version 12.00
# Visual Studio Version 16
VisualStudioVersion = 16.0.31112.23
MinimumVisualStudioVersion = 10.0.40219.1
Project("{FAE04EC0-301F-11D3-BF4B-00C04F79EFBC}") = "MyPainter2", "MyPainter2.csproj", "{3B8F6F07-1564-44CB-AB1D-FE2D744630C1}"
EndProject
Project("{2150E333-8FDC-42A3-9474-1A3956D46DE8}") = "Solution Items", "Solution Items", "{5DC65D3A-86E5-4F10-B139-4276B4525421}"
EndProject
Global
	GlobalSection(SolutionConfigurationPlatforms) = preSolution
		Debug|Any CPU = Debug|Any CPU
		Release|Any CPU = Release|Any CPU
	EndGlobalSection
	GlobalSection(ProjectConfigurationPlatforms) = postSolution
		{3B8F6F07-1564-44CB-AB1D-FE2D744630C1}.Debug|Any CPU.ActiveCfg = Debug|Any CPU
		{3B8F6F07-1564-44CB-AB1D-FE2D744630C1}.Debug|Any CPU.Build.0 = Debug|Any CPU
		{3B8F6F07-1564-44CB-AB1D-FE2D744630C1}.Release|Any CPU.ActiveCfg = Release|Any CPU
		{3B8F6F07-1564-44CB-AB1D-FE2D744630C1}.Release|Any CPU.Build.0 = Release|Any CPU
	EndGlobalSection
	GlobalSection(SolutionProperties) = preSolution
		HideSolutionNode = FALSE
	EndGlobalSection
	GlobalSection(ExtensibilityGlobals) = postSolution
		SolutionGuid = {4E2AB829-6526-4BB9-A260-21FD99C907FB}
	EndGlobalSection
EndGlobal
